// !$*UTF8*$!
{
	archiveVersion = 1;
	classes = {
	};
	objectVersion = 50;
	objects = {

/* Begin PBXBuildFile section */
		370E93EE25C0D5AA00D011A4 /* AppDelegate.swift in Sources */ = {isa = PBXBuildFile; fileRef = 370E93ED25C0D5AA00D011A4 /* AppDelegate.swift */; };
		370E93F025C0D5AA00D011A4 /* SceneDelegate.swift in Sources */ = {isa = PBXBuildFile; fileRef = 370E93EF25C0D5AA00D011A4 /* SceneDelegate.swift */; };
		370E93F225C0D5AA00D011A4 /* ViewController.swift in Sources */ = {isa = PBXBuildFile; fileRef = 370E93F125C0D5AA00D011A4 /* ViewController.swift */; };
		370E93F525C0D5AA00D011A4 /* Main.storyboard in Resources */ = {isa = PBXBuildFile; fileRef = 370E93F325C0D5AA00D011A4 /* Main.storyboard */; };
		370E93F725C0D5AC00D011A4 /* Assets.xcassets in Resources */ = {isa = PBXBuildFile; fileRef = 370E93F625C0D5AC00D011A4 /* Assets.xcassets */; };
		370E93FA25C0D5AC00D011A4 /* LaunchScreen.storyboard in Resources */ = {isa = PBXBuildFile; fileRef = 370E93F825C0D5AC00D011A4 /* LaunchScreen.storyboard */; };
		370E940325C0D5B700D011A4 /* ScrollingFollowView.swift in Sources */ = {isa = PBXBuildFile; fileRef = 370E940225C0D5B700D011A4 /* ScrollingFollowView.swift */; };
/* End PBXBuildFile section */

/* Begin PBXFileReference section */
		370E93EA25C0D5AA00D011A4 /* TryFollow.app */ = {isa = PBXFileReference; explicitFileType = wrapper.application; includeInIndex = 0; path = TryFollow.app; sourceTree = BUILT_PRODUCTS_DIR; };
		370E93ED25C0D5AA00D011A4 /* AppDelegate.swift */ = {isa = PBXFileReference; lastKnownFileType = sourcecode.swift; path = AppDelegate.swift; sourceTree = "<group>"; };
		370E93EF25C0D5AA00D011A4 /* SceneDelegate.swift */ = {isa = PBXFileReference; lastKnownFileType = sourcecode.swift; path = SceneDelegate.swift; sourceTree = "<group>"; };
		370E93F125C0D5AA00D011A4 /* ViewController.swift */ = {isa = PBXFileReference; lastKnownFileType = sourcecode.swift; path = ViewController.swift; sourceTree = "<group>"; };
		370E93F425C0D5AA00D011A4 /* Base */ = {isa = PBXFileReference; lastKnownFileType = file.storyboard; name = Base; path = Base.lproj/Main.storyboard; sourceTree = "<group>"; };
		370E93F625C0D5AC00D011A4 /* Assets.xcassets */ = {isa = PBXFileReference; lastKnownFileType = folder.assetcatalog; path = Assets.xcassets; sourceTree = "<group>"; };
		370E93F925C0D5AC00D011A4 /* Base */ = {isa = PBXFileReference; lastKnownFileType = file.storyboard; name = Base; path = Base.lproj/LaunchScreen.storyboard; sourceTree = "<group>"; };
		370E93FB25C0D5AC00D011A4 /* Info.plist */ = {isa = PBXFileReference; lastKnownFileType = text.plist.xml; path = Info.plist; sourceTree = "<group>"; };
		370E940225C0D5B700D011A4 /* ScrollingFollowView.swift */ = {isa = PBXFileReference; fileEncoding = 4; lastKnownFileType = sourcecode.swift; path = ScrollingFollowView.swift; sourceTree = "<group>"; };
/* End PBXFileReference section */

/* Begin PBXFrameworksBuildPhase section */
		370E93E725C0D5AA00D011A4 /* Frameworks */ = {
			isa = PBXFrameworksBuildPhase;
			buildActionMask = 2147483647;
			files = (
			);
			runOnlyForDeploymentPostprocessing = 0;
		};
/* End PBXFrameworksBuildPhase section */

/* Begin PBXGroup section */
		370E93E125C0D5AA00D011A4 = {
			isa = PBXGroup;
			children = (
				370E93EC25C0D5AA00D011A4 /* TryFollow */,
				370E93EB25C0D5AA00D011A4 /* Products */,
			);
			sourceTree = "<group>";
		};
		370E93EB25C0D5AA00D011A4 /* Products */ = {
			isa = PBXGroup;
			children = (
				370E93EA25C0D5AA00D011A4 /* TryFollow.app */,
			);
			name = Products;
			sourceTree = "<group>";
		};
		370E93EC25C0D5AA00D011A4 /* TryFollow */ = {
			isa = PBXGroup;
			children = (
				370E93ED25C0D5AA00D011A4 /* AppDelegate.swift */,
				370E93EF25C0D5AA00D011A4 /* SceneDelegate.swift */,
				370E93F325C0D5AA00D011A4 /* Main.storyboard */,
				370E93F125C0D5AA00D011A4 /* ViewController.swift */,
				370E940225C0D5B700D011A4 /* ScrollingFollowView.swift */,
				370E93F625C0D5AC00D011A4 /* Assets.xcassets */,
				370E93F825C0D5AC00D011A4 /* LaunchScreen.storyboard */,
				370E93FB25C0D5AC00D011A4 /* Info.plist */,
			);
			path = TryFollow;
			sourceTree = "<group>";
		};
/* End PBXGroup section */

/* Begin PBXNativeTarget section */
		370E93E925C0D5AA00D011A4 /* TryFollow */ = {
			isa = PBXNativeTarget;
			buildConfigurationList = 370E93FE25C0D5AC00D011A4 /* Build configuration list for PBXNativeTarget "TryFollow" */;
			buildPhases = (
				370E93E625C0D5AA00D011A4 /* Sources */,
				370E93E725C0D5AA00D011A4 /* Frameworks */,
				370E93E825C0D5AA00D011A4 /* Resources */,
			);
			buildRules = (
			);
			dependencies = (
			);
			name = TryFollow;
			productName = TryFollow;
			productReference = 370E93EA25C0D5AA00D011A4 /* TryFollow.app */;
			productType = "com.apple.product-type.application";
		};
/* End PBXNativeTarget section */

/* Begin PBXProject section */
		370E93E225C0D5AA00D011A4 /* Project object */ = {
			isa = PBXProject;
			attributes = {
				LastSwiftUpdateCheck = 1230;
				LastUpgradeCheck = 1230;
				TargetAttributes = {
					370E93E925C0D5AA00D011A4 = {
						CreatedOnToolsVersion = 12.3;
					};
				};
			};
			buildConfigurationList = 370E93E525C0D5AA00D011A4 /* Build configuration list for PBXProject "TryFollow" */;
			compatibilityVersion = "Xcode 9.3";
			developmentRegion = en;
			hasScannedForEncodings = 0;
			knownRegions = (
				en,
				Base,
			);
			mainGroup = 370E93E125C0D5AA00D011A4;
			productRefGroup = 370E93EB25C0D5AA00D011A4 /* Products */;
			projectDirPath = "";
			projectRoot = "";
			targets = (
				370E93E925C0D5AA00D011A4 /* TryFollow */,
			);
		};
/* End PBXProject section */

/* Begin PBXResourcesBuildPhase section */
		370E93E825C0D5AA00D011A4 /* Resources */ = {
			isa = PBXResourcesBuildPhase;
			buildActionMask = 2147483647;
			files = (
				370E93FA25C0D5AC00D011A4 /* LaunchScreen.storyboard in Resources */,
				370E93F725C0D5AC00D011A4 /* Assets.xcassets in Resources */,
				370E93F525C0D5AA00D011A4 /* Main.storyboard in Resources */,
			);
			runOnlyForDeploymentPostprocessing = 0;
		};
/* End PBXResourcesBuildPhase section */

/* Begin PBXSourcesBuildPhase section */
		370E93E625C0D5AA00D011A4 /* Sources */ = {
			isa = PBXSourcesBuildPhase;
			buildActionMask = 2147483647;
			files = (
				370E93F225C0D5AA00D011A4 /* ViewController.swift in Sources */,
				370E93EE25C0D5AA00D011A4 /* AppDelegate.swift in Sources */,
				370E93F025C0D5AA00D011A4 /* SceneDelegate.swift in Sources */,
				370E940325C0D5B700D011A4 /* ScrollingFollowView.swift in Sources */,
			);
			runOnlyForDeploymentPostprocessing = 0;
		};
/* End PBXSourcesBuildPhase section */

/* Begin PBXVariantGroup section */
		370E93F325C0D5AA00D011A4 /* Main.storyboard */ = {
			isa = PBXVariantGroup;
			children = (
				370E93F425C0D5AA00D011A4 /* Base */,
			);
			name = Main.storyboard;
			sourceTree = "<group>";
		};
		370E93F825C0D5AC00D011A4 /* LaunchScreen.storyboard */ = {
			isa = PBXVariantGroup;
			children = (
				370E93F925C0D5AC00D011A4 /* Base */,
			);
			name = LaunchScreen.storyboard;
			sourceTree = "<group>";
		};
/* End PBXVariantGroup section */

/* Begin XCBuildConfiguration section */
		370E93FC25C0D5AC00D011A4 /* Debug */ = {
			isa = XCBuildConfiguration;
			buildSettings = {
				ALWAYS_SEARCH_USER_PATHS = NO;
				CLANG_ANALYZER_NONNULL = YES;
				CLANG_ANALYZER_NUMBER_OBJECT_CONVERSION = YES_AGGRESSIVE;
				CLANG_CXX_LANGUAGE_STANDARD = "gnu++14";
				CLANG_CXX_LIBRARY = "libc++";
				CLANG_ENABLE_MODULES = YES;
				CLANG_ENABLE_OBJC_ARC = YES;
				CLANG_ENABLE_OBJC_WEAK = YES;
				CLANG_WARN_BLOCK_CAPTURE_AUTORELEASING = YES;
				CLANG_WARN_BOOL_CONVERSION = YES;
				CLANG_WARN_COMMA = YES;
				CLANG_WARN_CONSTANT_CONVERSION = YES;
				CLANG_WARN_DEPRECATED_OBJC_IMPLEMENTATIONS = YES;
				CLANG_WARN_DIRECT_OBJC_ISA_USAGE = YES_ERROR;
				CLANG_WARN_DOCUMENTATION_COMMENTS = YES;
				CLANG_WARN_EMPTY_BODY = YES;
				CLANG_WARN_ENUM_CONVERSION = YES;
				CLANG_WARN_INFINITE_RECURSION = YES;
				CLANG_WARN_INT_CONVERSION = YES;
				CLANG_WARN_NON_LITERAL_NULL_CONVERSION = YES;
				CLANG_WARN_OBJC_IMPLICIT_RETAIN_SELF = YES;
				CLANG_WARN_OBJC_LITERAL_CONVERSION = YES;
				CLANG_WARN_OBJC_ROOT_CLASS = YES_ERROR;
				CLANG_WARN_QUOTED_INCLUDE_IN_FRAMEWORK_HEADER = YES;
				CLANG_WARN_RANGE_LOOP_ANALYSIS = YES;
				CLANG_WARN_STRICT_PROTOTYPES = YES;
				CLANG_WARN_SUSPICIOUS_MOVE = YES;
				CLANG_WARN_UNGUARDED_AVAILABILITY = YES_AGGRESSIVE;
				CLANG_WARN_UNREACHABLE_CODE = YES;
				CLANG_WARN__DUPLICATE_METHOD_MATCH = YES;
				COPY_PHASE_STRIP = NO;
				DEBUG_INFORMATION_FORMAT = dwarf;
				ENABLE_STRICT_OBJC_MSGSEND = YES;
				ENABLE_TESTABILITY = YES;
				GCC_C_LANGUAGE_STANDARD = gnu11;
				GCC_DYNAMIC_NO_PIC = NO;
				GCC_NO_COMMON_BLOCKS = YES;
				GCC_OPTIMIZATION_LEVEL = 0;
				GCC_PREPROCESSOR_DEFINITIONS = (
					"DEBUG=1",
					"$(inherited)",
				);
				GCC_WARN_64_TO_32_BIT_CONVERSION = YES;
				GCC_WARN_ABOUT_RETURN_TYPE = YES_ERROR;
				GCC_WARN_UNDECLARED_SELECTOR = YES;
				GCC_WARN_UNINITIALIZED_AUTOS = YES_AGGRESSIVE;
				GCC_WARN_UNUSED_FUNCTION = YES;
				GCC_WARN_UNUSED_VARIABLE = YES;
				IPHONEOS_DEPLOYMENT_TARGET = 14.3;
				MTL_ENABLE_DEBUG_INFO = INCLUDE_SOURCE;
				MTL_FAST_MATH = YES;
				ONLY_ACTIVE_ARCH = YES;
				SDKROOT = iphoneos;
				SWIFT_ACTIVE_COMPILATION_CONDITIONS = DEBUG;
				SWIFT_OPTIMIZATION_LEVEL = "-Onone";
			};
			name = Debug;
		};
		370E93FD25C0D5AC00D011A4 /* Release */ = {
			isa = XCBuildConfiguration;
			buildSettings = {
				ALWAYS_SEARCH_USER_PATHS = NO;
				CLANG_ANALYZER_NONNULL = YES;
				CLANG_ANALYZER_NUMBER_OBJECT_CONVERSION = YES_AGGRESSIVE;
				CLANG_CXX_LANGUAGE_STANDARD = "gnu++14";
				CLANG_CXX_LIBRARY = "libc++";
				CLANG_ENABLE_MODULES = YES;
				CLANG_ENABLE_OBJC_ARC = YES;
				CLANG_ENABLE_OBJC_WEAK = YES;
				CLANG_WARN_BLOCK_CAPTURE_AUTORELEASING = YES;
				CLANG_WARN_BOOL_CONVERSION = YES;
				CLANG_WARN_COMMA = YES;
				CLANG_WARN_CONSTANT_CONVERSION = YES;
				CLANG_WARN_DEPRECATED_OBJC_IMPLEMENTATIONS = YES;
				CLANG_WARN_DIRECT_OBJC_ISA_USAGE = YES_ERROR;
				CLANG_WARN_DOCUMENTATION_COMMENTS = YES;
				CLANG_WARN_EMPTY_BODY = YES;
				CLANG_WARN_ENUM_CONVERSION = YES;
				CLANG_WARN_INFINITE_RECURSION = YES;
				CLANG_WARN_INT_CONVERSION = YES;
				CLANG_WARN_NON_LITERAL_NULL_CONVERSION = YES;
				CLANG_WARN_OBJC_IMPLICIT_RETAIN_SELF = YES;
				CLANG_WARN_OBJC_LITERAL_CONVERSION = YES;
				CLANG_WARN_OBJC_ROOT_CLASS = YES_ERROR;
				CLANG_WARN_QUOTED_INCLUDE_IN_FRAMEWORK_HEADER = YES;
				CLANG_WARN_RANGE_LOOP_ANALYSIS = YES;
				CLANG_WARN_STRICT_PROTOTYPES = YES;
				CLANG_WARN_SUSPICIOUS_MOVE = YES;
				CLANG_WARN_UNGUARDED_AVAILABILITY = YES_AGGRESSIVE;
				CLANG_WARN_UNREACHABLE_CODE = YES;
				CLANG_WARN__DUPLICATE_METHOD_MATCH = YES;
				COPY_PHASE_STRIP = NO;
				DEBUG_INFORMATION_FORMAT = "dwarf-with-dsym";
				ENABLE_NS_ASSERTIONS = NO;
				ENABLE_STRICT_OBJC_MSGSEND = YES;
				GCC_C_LANGUAGE_STANDARD = gnu11;
				GCC_NO_COMMON_BLOCKS = YES;
				GCC_WARN_64_TO_32_BIT_CONVERSION = YES;
				GCC_WARN_ABOUT_RETURN_TYPE = YES_ERROR;
				GCC_WARN_UNDECLARED_SELECTOR = YES;
				GCC_WARN_UNINITIALIZED_AUTOS = YES_AGGRESSIVE;
				GCC_WARN_UNUSED_FUNCTION = YES;
				GCC_WARN_UNUSED_VARIABLE = YES;
				IPHONEOS_DEPLOYMENT_TARGET = 14.3;
				MTL_ENABLE_DEBUG_INFO = NO;
				MTL_FAST_MATH = YES;
				SDKROOT = iphoneos;
				SWIFT_COMPILATION_MODE = wholemodule;
				SWIFT_OPTIMIZATION_LEVEL = "-O";
				VALIDATE_PRODUCT = YES;
			};
			name = Release;
		};
		370E93FF25C0D5AC00D011A4 /* Debug */ = {
			isa = XCBuildConfiguration;
			buildSettings = {
				ASSETCATALOG_COMPILER_APPICON_NAME = AppIcon;
				ASSETCATALOG_COMPILER_GLOBAL_ACCENT_COLOR_NAME = AccentColor;
				CODE_SIGN_STYLE = Automatic;
				INFOPLIST_FILE = TryFollow/Info.plist;
				LD_RUNPATH_SEARCH_PATHS = (
					"$(inherited)",
					"@executable_path/Frameworks",
				);
				PRODUCT_BUNDLE_IDENTIFIER = team.odds.TryFollow;
				PRODUCT_NAME = "$(TARGET_NAME)";
				SWIFT_VERSION = 5.0;
				TARGETED_DEVICE_FAMILY = "1,2";
			};
			name = Debug;
		};
		370E940025C0D5AC00D011A4 /* Release */ = {
			isa = XCBuildConfiguration;
			buildSettings = {
				ASSETCATALOG_COMPILER_APPICON_NAME = AppIcon;
				ASSETCATALOG_COMPILER_GLOBAL_ACCENT_COLOR_NAME = AccentColor;
				CODE_SIGN_STYLE = Automatic;
				INFOPLIST_FILE = TryFollow/Info.plist;
				LD_RUNPATH_SEARCH_PATHS = (
					"$(inherited)",
					"@executable_path/Frameworks",
				);
				PRODUCT_BUNDLE_IDENTIFIER = team.odds.TryFollow;
				PRODUCT_NAME = "$(TARGET_NAME)";
				SWIFT_VERSION = 5.0;
				TARGETED_DEVICE_FAMILY = "1,2";
			};
			name = Release;
		};
/* End XCBuildConfiguration section */

/* Begin XCConfigurationList section */
		370E93E525C0D5AA00D011A4 /* Build configuration list for PBXProject "TryFollow" */ = {
			isa = XCConfigurationList;
			buildConfigurations = (
				370E93FC25C0D5AC00D011A4 /* Debug */,
				370E93FD25C0D5AC00D011A4 /* Release */,
			);
			defaultConfigurationIsVisible = 0;
			defaultConfigurationName = Release;
		};
		370E93FE25C0D5AC00D011A4 /* Build configuration list for PBXNativeTarget "TryFollow" */ = {
			isa = XCConfigurationList;
			buildConfigurations = (
				370E93FF25C0D5AC00D011A4 /* Debug */,
				370E940025C0D5AC00D011A4 /* Release */,
			);
			defaultConfigurationIsVisible = 0;
			defaultConfigurationName = Release;
		};
/* End XCConfigurationList section */
	};
	rootObject = 370E93E225C0D5AA00D011A4 /* Project object */;
}
